
Microsoft Visual Studio Solution File, Format Version 12.00
# Visual Studio 15
VisualStudioVersion = 15.0.27703.2042
MinimumVisualStudioVersion = 10.0.40219.1
Project("{FAE04EC0-301F-11D3-BF4B-00C04F79EFBC}") = "MapBoxDemoPages", "MapBoxDemoPages\MapBoxDemoPages.csproj", "{F030812B-B876-412F-88DC-045E9A2C69D1}"
EndProject
Global
	GlobalSection(SolutionConfigurationPlatforms) = preSolution
		Debug|Any CPU = Debug|Any CPU
		Release|Any CPU = Release|Any CPU
	EndGlobalSection
	GlobalSection(ProjectConfigurationPlatforms) = postSolution
		{F030812B-B876-412F-88DC-045E9A2C69D1}.Debug|Any CPU.ActiveCfg = Debug|Any CPU
		{F030812B-B876-412F-88DC-045E9A2C69D1}.Debug|Any CPU.Build.0 = Debug|Any CPU
		{F030812B-B876-412F-88DC-045E9A2C69D1}.Release|Any CPU.ActiveCfg = Release|Any CPU
		{F030812B-B876-412F-88DC-045E9A2C69D1}.Release|Any CPU.Build.0 = Release|Any CPU
	EndGlobalSection
	GlobalSection(SolutionProperties) = preSolution
		HideSolutionNode = FALSE
	EndGlobalSection
	GlobalSection(ExtensibilityGlobals) = postSolution
		SolutionGuid = {B1F0ABC6-5390-4B81-96DA-5EAC22FC8596}
	EndGlobalSection
EndGlobal
